Microsoft Visual Studio Solution File, Format Version 12.00
# Visual Studio Version 17
VisualStudioVersion = 17.3.32901.215
MinimumVisualStudioVersion = 10.0.40219.1
Project("{9A19103F-16F7-4668-BE54-9A1E7A4F7556}") = "CQRSToolkit", "src\CQRSToolkit\CQRSToolkit.csproj", "{2100ACE3-10F1-4DB4-99F0-E68C912E047B}"
EndProject
Project("{9A19103F-16F7-4668-BE54-9A1E7A4F7556}") = "BasicAPI", "Examples\BasicAPI\BasicAPI.csproj", "{2E222B8D-DAA3-454B-A6BE-EFDB7E1107DE}"
EndProject
Project("{9A19103F-16F7-4668-BE54-9A1E7A4F7556}") = "CQRSToolkit.DependencyInjection.Generator", "src\CQRSToolkit.DependencyInjection.Generator\CQRSToolkit.DependencyInjection.Generator.csproj", "{14103DC6-BB6F-4A90-ADF5-1E8AE4CBC4A4}"
EndProject
Project("{FAE04EC0-301F-11D3-BF4B-00C04F79EFBC}") = "CQRSToolkit.DependencyInjection.Generator.Attributes", "src\CQRSToolkit.DependencyInjection.Generator.Attributes\CQRSToolkit.DependencyInjection.Generator.Attributes.csproj", "{107BE09E-6764-4A37-A7A6-0AF71F8293F8}"
EndProject
Global
	GlobalSection(SolutionConfigurationPlatforms) = preSolution
		Debug|Any CPU = Debug|Any CPU
		Release|Any CPU = Release|Any CPU
	EndGlobalSection
	GlobalSection(ProjectConfigurationPlatforms) = postSolution
		{2100ACE3-10F1-4DB4-99F0-E68C912E047B}.Debug|Any CPU.ActiveCfg = Debug|Any CPU
		{2100ACE3-10F1-4DB4-99F0-E68C912E047B}.Debug|Any CPU.Build.0 = Debug|Any CPU
		{2100ACE3-10F1-4DB4-99F0-E68C912E047B}.Release|Any CPU.ActiveCfg = Release|Any CPU
		{2100ACE3-10F1-4DB4-99F0-E68C912E047B}.Release|Any CPU.Build.0 = Release|Any CPU
		{2E222B8D-DAA3-454B-A6BE-EFDB7E1107DE}.Debug|Any CPU.ActiveCfg = Debug|Any CPU
		{2E222B8D-DAA3-454B-A6BE-EFDB7E1107DE}.Debug|Any CPU.Build.0 = Debug|Any CPU
		{2E222B8D-DAA3-454B-A6BE-EFDB7E1107DE}.Release|Any CPU.ActiveCfg = Release|Any CPU
		{2E222B8D-DAA3-454B-A6BE-EFDB7E1107DE}.Release|Any CPU.Build.0 = Release|Any CPU
		{14103DC6-BB6F-4A90-ADF5-1E8AE4CBC4A4}.Debug|Any CPU.ActiveCfg = Debug|Any CPU
		{14103DC6-BB6F-4A90-ADF5-1E8AE4CBC4A4}.Debug|Any CPU.Build.0 = Debug|Any CPU
		{14103DC6-BB6F-4A90-ADF5-1E8AE4CBC4A4}.Release|Any CPU.ActiveCfg = Release|Any CPU
		{14103DC6-BB6F-4A90-ADF5-1E8AE4CBC4A4}.Release|Any CPU.Build.0 = Release|Any CPU
		{107BE09E-6764-4A37-A7A6-0AF71F8293F8}.Debug|Any CPU.ActiveCfg = Debug|Any CPU
		{107BE09E-6764-4A37-A7A6-0AF71F8293F8}.Debug|Any CPU.Build.0 = Debug|Any CPU
		{107BE09E-6764-4A37-A7A6-0AF71F8293F8}.Release|Any CPU.ActiveCfg = Release|Any CPU
		{107BE09E-6764-4A37-A7A6-0AF71F8293F8}.Release|Any CPU.Build.0 = Release|Any CPU
	EndGlobalSection
	GlobalSection(SolutionProperties) = preSolution
		HideSolutionNode = FALSE
	EndGlobalSection
	GlobalSection(ExtensibilityGlobals) = postSolution
		SolutionGuid = {C18B4C11-E7D4-4056-A260-06A0059FA8F2}
	EndGlobalSection
EndGlobal
